github.com/remko/go-mkvparse v0.14.0 h1:ty6iYA4l2VV6p6IapQuRgYkmj9eZpcwMY/ZW091oTK0=
github.com/remko/go-mkvparse v0.14.0/go.mod h1:mxFXvP1jMG13vrsuuxO+K5p97XOmCAOXclP6i9XqoWU=
golang.org/x/image v0.0.0-20211028202545-6944b10bf410/go.mod h1:023OzeP/+EPmXeapQh35lcL3II3LrY8Ic+EFFKVhULM=
golang.org/x/text v0.3.6/go.mod h1:5Zoc/QRtKVWzQhOtBMvqHzDpF6irO9z98xDceosuGiQ=
golang.org/x/tools v0.0.0-20180917221912-90fa682c2a6e/go.mod h1:n7NCudcB/nEzxVGmLbDWY5pfWTLqBcC2KZ6jyYvM4mQ=
